
Microsoft Visual Studio Solution File, Format Version 12.00
# Visual Studio Version 17
VisualStudioVersion = 17.7.34024.191
MinimumVisualStudioVersion = 10.0.40219.1
Project("{2150E333-8FDC-42A3-9474-1A3956D46DE8}") = "src", "src", "{FA930C67-E14C-47B7-8A78-5A6DAE6292A5}"
EndProject
Project("{2150E333-8FDC-42A3-9474-1A3956D46DE8}") = "tests", "tests", "{79EB16A9-EF45-4F37-BA07-9C78C8E2B89C}"
EndProject
Project("{2150E333-8FDC-42A3-9474-1A3956D46DE8}") = "Core", "Core", "{B7ADCDCE-BD5C-435A-8A2F-D72643013CA2}"
EndProject
Project("{2150E333-8FDC-42A3-9474-1A3956D46DE8}") = "Infrastructure", "Infrastructure", "{AA54E201-A2D1-41D6-9A36-3CAF55791E2E}"
EndProject
Project("{2150E333-8FDC-42A3-9474-1A3956D46DE8}") = "API", "API", "{562B54CC-C9AA-4C57-B3F9-E477E02252CC}"
EndProject
Project("{9A19103F-16F7-4668-BE54-9A1E7A4F7556}") = "Template.API", "Template.API\Template.API.csproj", "{1D990229-9F4E-4206-B907-D6A1723504E2}"
EndProject
Project("{9A19103F-16F7-4668-BE54-9A1E7A4F7556}") = "Template.Application", "Template.Application\Template.Application.csproj", "{363E3982-69FC-42E9-A90E-A2FD939B3512}"
EndProject
Project("{9A19103F-16F7-4668-BE54-9A1E7A4F7556}") = "Template.Domain", "Template.Domain\Template.Domain.csproj", "{E67943E5-EA2C-4A02-AAAC-66AF9951818A}"
EndProject
Project("{9A19103F-16F7-4668-BE54-9A1E7A4F7556}") = "Template.Identity", "Template.Identity\Template.Identity.csproj", "{51ED8A48-3C88-4438-961A-F3974015DDF5}"
EndProject
Project("{9A19103F-16F7-4668-BE54-9A1E7A4F7556}") = "Template.Infrastructure", "Template.Infrastructure\Template.Infrastructure.csproj", "{EAB0DCAF-EC9C-4CD2-AA3A-34A55A7F1E87}"
EndProject
Project("{9A19103F-16F7-4668-BE54-9A1E7A4F7556}") = "Template.Persistence", "Template.Persistence\Template.Persistence.csproj", "{604FA613-5B7D-4A43-A12D-A167009D2DA6}"
EndProject
Project("{9A19103F-16F7-4668-BE54-9A1E7A4F7556}") = "Template.Application.UnitTests", "Template.Application.UnitTests\Template.Application.UnitTests.csproj", "{94818AE1-B89E-408D-808D-190EF9B4AAFC}"
EndProject
Global
	GlobalSection(SolutionConfigurationPlatforms) = preSolution
		Debug|Any CPU = Debug|Any CPU
		Release|Any CPU = Release|Any CPU
	EndGlobalSection
	GlobalSection(ProjectConfigurationPlatforms) = postSolution
		{1D990229-9F4E-4206-B907-D6A1723504E2}.Debug|Any CPU.ActiveCfg = Debug|Any CPU
		{1D990229-9F4E-4206-B907-D6A1723504E2}.Debug|Any CPU.Build.0 = Debug|Any CPU
		{1D990229-9F4E-4206-B907-D6A1723504E2}.Release|Any CPU.ActiveCfg = Release|Any CPU
		{1D990229-9F4E-4206-B907-D6A1723504E2}.Release|Any CPU.Build.0 = Release|Any CPU
		{363E3982-69FC-42E9-A90E-A2FD939B3512}.Debug|Any CPU.ActiveCfg = Debug|Any CPU
		{363E3982-69FC-42E9-A90E-A2FD939B3512}.Debug|Any CPU.Build.0 = Debug|Any CPU
		{363E3982-69FC-42E9-A90E-A2FD939B3512}.Release|Any CPU.ActiveCfg = Release|Any CPU
		{363E3982-69FC-42E9-A90E-A2FD939B3512}.Release|Any CPU.Build.0 = Release|Any CPU
		{E67943E5-EA2C-4A02-AAAC-66AF9951818A}.Debug|Any CPU.ActiveCfg = Debug|Any CPU
		{E67943E5-EA2C-4A02-AAAC-66AF9951818A}.Debug|Any CPU.Build.0 = Debug|Any CPU
		{E67943E5-EA2C-4A02-AAAC-66AF9951818A}.Release|Any CPU.ActiveCfg = Release|Any CPU
		{E67943E5-EA2C-4A02-AAAC-66AF9951818A}.Release|Any CPU.Build.0 = Release|Any CPU
		{51ED8A48-3C88-4438-961A-F3974015DDF5}.Debug|Any CPU.ActiveCfg = Debug|Any CPU
		{51ED8A48-3C88-4438-961A-F3974015DDF5}.Debug|Any CPU.Build.0 = Debug|Any CPU
		{51ED8A48-3C88-4438-961A-F3974015DDF5}.Release|Any CPU.ActiveCfg = Release|Any CPU
		{51ED8A48-3C88-4438-961A-F3974015DDF5}.Release|Any CPU.Build.0 = Release|Any CPU
		{EAB0DCAF-EC9C-4CD2-AA3A-34A55A7F1E87}.Debug|Any CPU.ActiveCfg = Debug|Any CPU
		{EAB0DCAF-EC9C-4CD2-AA3A-34A55A7F1E87}.Debug|Any CPU.Build.0 = Debug|Any CPU
		{EAB0DCAF-EC9C-4CD2-AA3A-34A55A7F1E87}.Release|Any CPU.ActiveCfg = Release|Any CPU
		{EAB0DCAF-EC9C-4CD2-AA3A-34A55A7F1E87}.Release|Any CPU.Build.0 = Release|Any CPU
		{604FA613-5B7D-4A43-A12D-A167009D2DA6}.Debug|Any CPU.ActiveCfg = Debug|Any CPU
		{604FA613-5B7D-4A43-A12D-A167009D2DA6}.Debug|Any CPU.Build.0 = Debug|Any CPU
		{604FA613-5B7D-4A43-A12D-A167009D2DA6}.Release|Any CPU.ActiveCfg = Release|Any CPU
		{604FA613-5B7D-4A43-A12D-A167009D2DA6}.Release|Any CPU.Build.0 = Release|Any CPU
		{94818AE1-B89E-408D-808D-190EF9B4AAFC}.Debug|Any CPU.ActiveCfg = Debug|Any CPU
		{94818AE1-B89E-408D-808D-190EF9B4AAFC}.Debug|Any CPU.Build.0 = Debug|Any CPU
		{94818AE1-B89E-408D-808D-190EF9B4AAFC}.Release|Any CPU.ActiveCfg = Release|Any CPU
		{94818AE1-B89E-408D-808D-190EF9B4AAFC}.Release|Any CPU.Build.0 = Release|Any CPU
	EndGlobalSection
	GlobalSection(SolutionProperties) = preSolution
		HideSolutionNode = FALSE
	EndGlobalSection
	GlobalSection(NestedProjects) = preSolution
		{B7ADCDCE-BD5C-435A-8A2F-D72643013CA2} = {FA930C67-E14C-47B7-8A78-5A6DAE6292A5}
		{AA54E201-A2D1-41D6-9A36-3CAF55791E2E} = {FA930C67-E14C-47B7-8A78-5A6DAE6292A5}
		{562B54CC-C9AA-4C57-B3F9-E477E02252CC} = {FA930C67-E14C-47B7-8A78-5A6DAE6292A5}
		{1D990229-9F4E-4206-B907-D6A1723504E2} = {562B54CC-C9AA-4C57-B3F9-E477E02252CC}
		{363E3982-69FC-42E9-A90E-A2FD939B3512} = {B7ADCDCE-BD5C-435A-8A2F-D72643013CA2}
		{E67943E5-EA2C-4A02-AAAC-66AF9951818A} = {B7ADCDCE-BD5C-435A-8A2F-D72643013CA2}
		{51ED8A48-3C88-4438-961A-F3974015DDF5} = {AA54E201-A2D1-41D6-9A36-3CAF55791E2E}
		{EAB0DCAF-EC9C-4CD2-AA3A-34A55A7F1E87} = {AA54E201-A2D1-41D6-9A36-3CAF55791E2E}
		{604FA613-5B7D-4A43-A12D-A167009D2DA6} = {AA54E201-A2D1-41D6-9A36-3CAF55791E2E}
		{94818AE1-B89E-408D-808D-190EF9B4AAFC} = {79EB16A9-EF45-4F37-BA07-9C78C8E2B89C}
	EndGlobalSection
	GlobalSection(ExtensibilityGlobals) = postSolution
		SolutionGuid = {7AF2CD6A-65AD-4B75-8E8E-B1D0B1222F9C}
	EndGlobalSection
EndGlobal
